// !$*UTF8*$!
{
	archiveVersion = 1;
	classes = {
	};
	objectVersion = 50;
	objects = {

/* Begin PBXBuildFile section */
		16BA1ADC20E6BB3F00A677D4 /* AppDelegate.swift in Sources */ = {isa = PBXBuildFile; fileRef = 16BA1ADB20E6BB3F00A677D4 /* AppDelegate.swift */; };
		16BA1ADE20E6BB3F00A677D4 /* ViewController.swift in Sources */ = {isa = PBXBuildFile; fileRef = 16BA1ADD20E6BB3F00A677D4 /* ViewController.swift */; };
		16BA1AE120E6BB3F00A677D4 /* Main.storyboard in Resources */ = {isa = PBXBuildFile; fileRef = 16BA1ADF20E6BB3F00A677D4 /* Main.storyboard */; };
		16BA1AE320E6BB4000A677D4 /* Assets.xcassets in Resources */ = {isa = PBXBuildFile; fileRef = 16BA1AE220E6BB4000A677D4 /* Assets.xcassets */; };
		16BA1AE620E6BB4000A677D4 /* LaunchScreen.storyboard in Resources */ = {isa = PBXBuildFile; fileRef = 16BA1AE420E6BB4000A677D4 /* LaunchScreen.storyboard */; };
/* End PBXBuildFile section */

/* Begin PBXFileReference section */
		16BA1AD820E6BB3F00A677D4 /* AutoLayoutExperiment.app */ = {isa = PBXFileReference; explicitFileType = wrapper.application; includeInIndex = 0; path = AutoLayoutExperiment.app; sourceTree = BUILT_PRODUCTS_DIR; };
		16BA1ADB20E6BB3F00A677D4 /* AppDelegate.swift */ = {isa = PBXFileReference; lastKnownFileType = sourcecode.swift; path = AppDelegate.swift; sourceTree = "<group>"; };
		16BA1ADD20E6BB3F00A677D4 /* ViewController.swift */ = {isa = PBXFileReference; lastKnownFileType = sourcecode.swift; path = ViewController.swift; sourceTree = "<group>"; };
		16BA1AE020E6BB3F00A677D4 /* Base */ = {isa = PBXFileReference; lastKnownFileType = file.storyboard; name = Base; path = Base.lproj/Main.storyboard; sourceTree = "<group>"; };
		16BA1AE220E6BB4000A677D4 /* Assets.xcassets */ = {isa = PBXFileReference; lastKnownFileType = folder.assetcatalog; path = Assets.xcassets; sourceTree = "<group>"; };
		16BA1AE520E6BB4000A677D4 /* Base */ = {isa = PBXFileReference; lastKnownFileType = file.storyboard; name = Base; path = Base.lproj/LaunchScreen.storyboard; sourceTree = "<group>"; };
		16BA1AE720E6BB4000A677D4 /* Info.plist */ = {isa = PBXFileReference; lastKnownFileType = text.plist.xml; path = Info.plist; sourceTree = "<group>"; };
/* End PBXFileReference section */

/* Begin PBXFrameworksBuildPhase section */
		16BA1AD520E6BB3F00A677D4 /* Frameworks */ = {
			isa = PBXFrameworksBuildPhase;
			buildActionMask = 2147483647;
			files = (
			);
			runOnlyForDeploymentPostprocessing = 0;
		};
/* End PBXFrameworksBuildPhase section */

/* Begin PBXGroup section */
		16BA1ACF20E6BB3F00A677D4 = {
			isa = PBXGroup;
			children = (
				16BA1ADA20E6BB3F00A677D4 /* AutoLayoutExperiment */,
				16BA1AD920E6BB3F00A677D4 /* Products */,
			);
			sourceTree = "<group>";
		};
		16BA1AD920E6BB3F00A677D4 /* Products */ = {
			isa = PBXGroup;
			children = (
				16BA1AD820E6BB3F00A677D4 /* AutoLayoutExperiment.app */,
			);
			name = Products;
			sourceTree = "<group>";
		};
		16BA1ADA20E6BB3F00A677D4 /* AutoLayoutExperiment */ = {
			isa = PBXGroup;
			children = (
				16BA1ADB20E6BB3F00A677D4 /* AppDelegate.swift */,
				16BA1ADD20E6BB3F00A677D4 /* ViewController.swift */,
				16BA1ADF20E6BB3F00A677D4 /* Main.storyboard */,
				16BA1AE220E6BB4000A677D4 /* Assets.xcassets */,
				16BA1AE420E6BB4000A677D4 /* LaunchScreen.storyboard */,
				16BA1AE720E6BB4000A677D4 /* Info.plist */,
			);
			path = AutoLayoutExperiment;
			sourceTree = "<group>";
		};
/* End PBXGroup section */

/* Begin PBXNativeTarget section */
		16BA1AD720E6BB3F00A677D4 /* AutoLayoutExperiment */ = {
			isa = PBXNativeTarget;
			buildConfigurationList = 16BA1AEA20E6BB4000A677D4 /* Build configuration list for PBXNativeTarget "AutoLayoutExperiment" */;
			buildPhases = (
				16BA1AD420E6BB3F00A677D4 /* Sources */,
				16BA1AD520E6BB3F00A677D4 /* Frameworks */,
				16BA1AD620E6BB3F00A677D4 /* Resources */,
			);
			buildRules = (
			);
			dependencies = (
			);
			name = AutoLayoutExperiment;
			productName = AutoLayoutExperiment;
			productReference = 16BA1AD820E6BB3F00A677D4 /* AutoLayoutExperiment.app */;
			productType = "com.apple.product-type.application";
		};
/* End PBXNativeTarget section */

/* Begin PBXProject section */
		16BA1AD020E6BB3F00A677D4 /* Project object */ = {
			isa = PBXProject;
			attributes = {
				LastSwiftUpdateCheck = 0940;
				LastUpgradeCheck = 0940;
				ORGANIZATIONNAME = "Jacob Sokora";
				TargetAttributes = {
					16BA1AD720E6BB3F00A677D4 = {
						CreatedOnToolsVersion = 9.4.1;
					};
				};
			};
			buildConfigurationList = 16BA1AD320E6BB3F00A677D4 /* Build configuration list for PBXProject "AutoLayoutExperiment" */;
			compatibilityVersion = "Xcode 9.3";
			developmentRegion = en;
			hasScannedForEncodings = 0;
			knownRegions = (
				en,
				Base,
			);
			mainGroup = 16BA1ACF20E6BB3F00A677D4;
			productRefGroup = 16BA1AD920E6BB3F00A677D4 /* Products */;
			projectDirPath = "";
			projectRoot = "";
			targets = (
				16BA1AD720E6BB3F00A677D4 /* AutoLayoutExperiment */,
			);
		};
/* End PBXProject section */

/* Begin PBXResourcesBuildPhase section */
		16BA1AD620E6BB3F00A677D4 /* Resources */ = {
			isa = PBXResourcesBuildPhase;
			buildActionMask = 2147483647;
			files = (
				16BA1AE620E6BB4000A677D4 /* LaunchScreen.storyboard in Resources */,
				16BA1AE320E6BB4000A677D4 /* Assets.xcassets in Resources */,
				16BA1AE120E6BB3F00A677D4 /* Main.storyboard in Resources */,
			);
			runOnlyForDeploymentPostprocessing = 0;
		};
/* End PBXResourcesBuildPhase section */

/* Begin PBXSourcesBuildPhase section */
		16BA1AD420E6BB3F00A677D4 /* Sources */ = {
			isa = PBXSourcesBuildPhase;
			buildActionMask = 2147483647;
			files = (
				16BA1ADE20E6BB3F00A677D4 /* ViewController.swift in Sources */,
				16BA1ADC20E6BB3F00A677D4 /* AppDelegate.swift in Sources */,
			);
			runOnlyForDeploymentPostprocessing = 0;
		};
/* End PBXSourcesBuildPhase section */

/* Begin PBXVariantGroup section */
		16BA1ADF20E6BB3F00A677D4 /* Main.storyboard */ = {
			isa = PBXVariantGroup;
			children = (
				16BA1AE020E6BB3F00A677D4 /* Base */,
			);
			name = Main.storyboard;
			sourceTree = "<group>";
		};
		16BA1AE420E6BB4000A677D4 /* LaunchScreen.storyboard */ = {
			isa = PBXVariantGroup;
			children = (
				16BA1AE520E6BB4000A677D4 /* Base */,
			);
			name = LaunchScreen.storyboard;
			sourceTree = "<group>";
		};
/* End PBXVariantGroup section */

/* Begin XCBuildConfiguration section */
		16BA1AE820E6BB4000A677D4 /* Debug */ = {
			isa = XCBuildConfiguration;
			buildSettings = {
				ALWAYS_SEARCH_USER_PATHS = NO;
				CLANG_ANALYZER_NONNULL = YES;
				CLANG_ANALYZER_NUMBER_OBJECT_CONVERSION = YES_AGGRESSIVE;
				CLANG_CXX_LANGUAGE_STANDARD = "gnu++14";
				CLANG_CXX_LIBRARY = "libc++";
				CLANG_ENABLE_MODULES = YES;
				CLANG_ENABLE_OBJC_ARC = YES;
				CLANG_ENABLE_OBJC_WEAK = YES;
				CLANG_WARN_BLOCK_CAPTURE_AUTORELEASING = YES;
				CLANG_WARN_BOOL_CONVERSION = YES;
				CLANG_WARN_COMMA = YES;
				CLANG_WARN_CONSTANT_CONVERSION = YES;
				CLANG_WARN_DEPRECATED_OBJC_IMPLEMENTATIONS = YES;
				CLANG_WARN_DIRECT_OBJC_ISA_USAGE = YES_ERROR;
				CLANG_WARN_DOCUMENTATION_COMMENTS = YES;
				CLANG_WARN_EMPTY_BODY = YES;
				CLANG_WARN_ENUM_CONVERSION = YES;
				CLANG_WARN_INFINITE_RECURSION = YES;
				CLANG_WARN_INT_CONVERSION = YES;
				CLANG_WARN_NON_LITERAL_NULL_CONVERSION = YES;
				CLANG_WARN_OBJC_IMPLICIT_RETAIN_SELF = YES;
				CLANG_WARN_OBJC_LITERAL_CONVERSION = YES;
				CLANG_WARN_OBJC_ROOT_CLASS = YES_ERROR;
				CLANG_WARN_RANGE_LOOP_ANALYSIS = YES;
				CLANG_WARN_STRICT_PROTOTYPES = YES;
				CLANG_WARN_SUSPICIOUS_MOVE = YES;
				CLANG_WARN_UNGUARDED_AVAILABILITY = YES_AGGRESSIVE;
				CLANG_WARN_UNREACHABLE_CODE = YES;
				CLANG_WARN__DUPLICATE_METHOD_MATCH = YES;
				CODE_SIGN_IDENTITY = "iPhone Developer";
				COPY_PHASE_STRIP = NO;
				DEBUG_INFORMATION_FORMAT = dwarf;
				ENABLE_STRICT_OBJC_MSGSEND = YES;
				ENABLE_TESTABILITY = YES;
				GCC_C_LANGUAGE_STANDARD = gnu11;
				GCC_DYNAMIC_NO_PIC = NO;
				GCC_NO_COMMON_BLOCKS = YES;
				GCC_OPTIMIZATION_LEVEL = 0;
				GCC_PREPROCESSOR_DEFINITIONS = (
					"DEBUG=1",
					"$(inherited)",
				);
				GCC_WARN_64_TO_32_BIT_CONVERSION = YES;
				GCC_WARN_ABOUT_RETURN_TYPE = YES_ERROR;
				GCC_WARN_UNDECLARED_SELECTOR = YES;
				GCC_WARN_UNINITIALIZED_AUTOS = YES_AGGRESSIVE;
				GCC_WARN_UNUSED_FUNCTION = YES;
				GCC_WARN_UNUSED_VARIABLE = YES;
				IPHONEOS_DEPLOYMENT_TARGET = 11.4;
				MTL_ENABLE_DEBUG_INFO = YES;
				ONLY_ACTIVE_ARCH = YES;
				SDKROOT = iphoneos;
				SWIFT_ACTIVE_COMPILATION_CONDITIONS = DEBUG;
				SWIFT_OPTIMIZATION_LEVEL = "-Onone";
			};
			name = Debug;
		};
		16BA1AE920E6BB4000A677D4 /* Release */ = {
			isa = XCBuildConfiguration;
			buildSettings = {
				ALWAYS_SEARCH_USER_PATHS = NO;
				CLANG_ANALYZER_NONNULL = YES;
				CLANG_ANALYZER_NUMBER_OBJECT_CONVERSION = YES_AGGRESSIVE;
				CLANG_CXX_LANGUAGE_STANDARD = "gnu++14";
				CLANG_CXX_LIBRARY = "libc++";
				CLANG_ENABLE_MODULES = YES;
				CLANG_ENABLE_OBJC_ARC = YES;
				CLANG_ENABLE_OBJC_WEAK = YES;
				CLANG_WARN_BLOCK_CAPTURE_AUTORELEASING = YES;
				CLANG_WARN_BOOL_CONVERSION = YES;
				CLANG_WARN_COMMA = YES;
				CLANG_WARN_CONSTANT_CONVERSION = YES;
				CLANG_WARN_DEPRECATED_OBJC_IMPLEMENTATIONS = YES;
				CLANG_WARN_DIRECT_OBJC_ISA_USAGE = YES_ERROR;
				CLANG_WARN_DOCUMENTATION_COMMENTS = YES;
				CLANG_WARN_EMPTY_BODY = YES;
				CLANG_WARN_ENUM_CONVERSION = YES;
				CLANG_WARN_INFINITE_RECURSION = YES;
				CLANG_WARN_INT_CONVERSION = YES;
				CLANG_WARN_NON_LITERAL_NULL_CONVERSION = YES;
				CLANG_WARN_OBJC_IMPLICIT_RETAIN_SELF = YES;
				CLANG_WARN_OBJC_LITERAL_CONVERSION = YES;
				CLANG_WARN_OBJC_ROOT_CLASS = YES_ERROR;
				CLANG_WARN_RANGE_LOOP_ANALYSIS = YES;
				CLANG_WARN_STRICT_PROTOTYPES = YES;
				CLANG_WARN_SUSPICIOUS_MOVE = YES;
				CLANG_WARN_UNGUARDED_AVAILABILITY = YES_AGGRESSIVE;
				CLANG_WARN_UNREACHABLE_CODE = YES;
				CLANG_WARN__DUPLICATE_METHOD_MATCH = YES;
				CODE_SIGN_IDENTITY = "iPhone Developer";
				COPY_PHASE_STRIP = NO;
				DEBUG_INFORMATION_FORMAT = "dwarf-with-dsym";
				ENABLE_NS_ASSERTIONS = NO;
				ENABLE_STRICT_OBJC_MSGSEND = YES;
				GCC_C_LANGUAGE_STANDARD = gnu11;
				GCC_NO_COMMON_BLOCKS = YES;
				GCC_WARN_64_TO_32_BIT_CONVERSION = YES;
				GCC_WARN_ABOUT_RETURN_TYPE = YES_ERROR;
				GCC_WARN_UNDECLARED_SELECTOR = YES;
				GCC_WARN_UNINITIALIZED_AUTOS = YES_AGGRESSIVE;
				GCC_WARN_UNUSED_FUNCTION = YES;
				GCC_WARN_UNUSED_VARIABLE = YES;
				IPHONEOS_DEPLOYMENT_TARGET = 11.4;
				MTL_ENABLE_DEBUG_INFO = NO;
				SDKROOT = iphoneos;
				SWIFT_COMPILATION_MODE = wholemodule;
				SWIFT_OPTIMIZATION_LEVEL = "-O";
				VALIDATE_PRODUCT = YES;
			};
			name = Release;
		};
		16BA1AEB20E6BB4000A677D4 /* Debug */ = {
			isa = XCBuildConfiguration;
			buildSettings = {
				ASSETCATALOG_COMPILER_APPICON_NAME = AppIcon;
				CODE_SIGN_STYLE = Automatic;
				DEVELOPMENT_TEAM = 4ZEY85X5FX;
				INFOPLIST_FILE = AutoLayoutExperiment/Info.plist;
				LD_RUNPATH_SEARCH_PATHS = (
					"$(inherited)",
					"@executable_path/Frameworks",
				);
				PRODUCT_BUNDLE_IDENTIFIER = me.jacobsokora.AutoLayoutExperiment;
				PRODUCT_NAME = "$(TARGET_NAME)";
				SWIFT_VERSION = 4.0;
				TARGETED_DEVICE_FAMILY = "1,2";
			};
			name = Debug;
		};
		16BA1AEC20E6BB4000A677D4 /* Release */ = {
			isa = XCBuildConfiguration;
			buildSettings = {
				ASSETCATALOG_COMPILER_APPICON_NAME = AppIcon;
				CODE_SIGN_STYLE = Automatic;
				DEVELOPMENT_TEAM = 4ZEY85X5FX;
				INFOPLIST_FILE = AutoLayoutExperiment/Info.plist;
				LD_RUNPATH_SEARCH_PATHS = (
					"$(inherited)",
					"@executable_path/Frameworks",
				);
				PRODUCT_BUNDLE_IDENTIFIER = me.jacobsokora.AutoLayoutExperiment;
				PRODUCT_NAME = "$(TARGET_NAME)";
				SWIFT_VERSION = 4.0;
				TARGETED_DEVICE_FAMILY = "1,2";
			};
			name = Release;
		};
/* End XCBuildConfiguration section */

/* Begin XCConfigurationList section */
		16BA1AD320E6BB3F00A677D4 /* Build configuration list for PBXProject "AutoLayoutExperiment" */ = {
			isa = XCConfigurationList;
			buildConfigurations = (
				16BA1AE820E6BB4000A677D4 /* Debug */,
				16BA1AE920E6BB4000A677D4 /* Release */,
			);
			defaultConfigurationIsVisible = 0;
			defaultConfigurationName = Release;
		};
		16BA1AEA20E6BB4000A677D4 /* Build configuration list for PBXNativeTarget "AutoLayoutExperiment" */ = {
			isa = XCConfigurationList;
			buildConfigurations = (
				16BA1AEB20E6BB4000A677D4 /* Debug */,
				16BA1AEC20E6BB4000A677D4 /* Release */,
			);
			defaultConfigurationIsVisible = 0;
			defaultConfigurationName = Release;
		};
/* End XCConfigurationList section */
	};
	rootObject = 16BA1AD020E6BB3F00A677D4 /* Project object */;
}
